// !$*UTF8*$!
{
	archiveVersion = 1;
	classes = {
	};
	objectVersion = 46;
	objects = {

/* Begin PBXBuildFile section */
		04B51F801C46723300F195BD /* main.m in Sources */ = {isa = PBXBuildFile; fileRef = 04B51F7F1C46723300F195BD /* main.m */; };
		04B51F831C46723300F195BD /* AppDelegate.m in Sources */ = {isa = PBXBuildFile; fileRef = 04B51F821C46723300F195BD /* AppDelegate.m */; };
		04B51F861C46723300F195BD /* ViewController.m in Sources */ = {isa = PBXBuildFile; fileRef = 04B51F851C46723300F195BD /* ViewController.m */; };
		04B51F891C46723300F195BD /* Main.storyboard in Resources */ = {isa = PBXBuildFile; fileRef = 04B51F871C46723300F195BD /* Main.storyboard */; };
		04B51F8B1C46723300F195BD /* Assets.xcassets in Resources */ = {isa = PBXBuildFile; fileRef = 04B51F8A1C46723300F195BD /* Assets.xcassets */; };
		04B51F8E1C46723300F195BD /* LaunchScreen.storyboard in Resources */ = {isa = PBXBuildFile; fileRef = 04B51F8C1C46723300F195BD /* LaunchScreen.storyboard */; };
		04B51F991C46723300F195BD /* YouMengTests.m in Sources */ = {isa = PBXBuildFile; fileRef = 04B51F981C46723300F195BD /* YouMengTests.m */; };
		04B51FA41C46723300F195BD /* YouMengUITests.m in Sources */ = {isa = PBXBuildFile; fileRef = 04B51FA31C46723300F195BD /* YouMengUITests.m */; };
		04B51FDC1C46762100F195BD /* SystemConfiguration.framework in Frameworks */ = {isa = PBXBuildFile; fileRef = 04B51FDB1C46762100F195BD /* SystemConfiguration.framework */; };
		04B51FE51C46798700F195BD /* Security.framework in Frameworks */ = {isa = PBXBuildFile; fileRef = 04B51FE41C46798700F195BD /* Security.framework */; };
		04B51FE71C46799100F195BD /* libiconv.tbd in Frameworks */ = {isa = PBXBuildFile; fileRef = 04B51FE61C46799100F195BD /* libiconv.tbd */; };
		04B51FE91C46799B00F195BD /* CoreGraphics.framework in Frameworks */ = {isa = PBXBuildFile; fileRef = 04B51FE81C46799B00F195BD /* CoreGraphics.framework */; };
		04B51FEB1C4679A600F195BD /* libsqlite3.tbd in Frameworks */ = {isa = PBXBuildFile; fileRef = 04B51FEA1C4679A600F195BD /* libsqlite3.tbd */; };
		04B51FED1C4679B800F195BD /* CoreTelephony.framework in Frameworks */ = {isa = PBXBuildFile; fileRef = 04B51FEC1C4679B800F195BD /* CoreTelephony.framework */; };
		04B51FEF1C4679D800F195BD /* libstdc++.tbd in Frameworks */ = {isa = PBXBuildFile; fileRef = 04B51FEE1C4679D800F195BD /* libstdc++.tbd */; };
		04B51FF11C4679E700F195BD /* libz.tbd in Frameworks */ = {isa = PBXBuildFile; fileRef = 04B51FF01C4679E700F195BD /* libz.tbd */; };
		04B520201C467E8700F195BD /* UMSocialLocalizable.strings in Resources */ = {isa = PBXBuildFile; fileRef = 04B520021C467E8700F195BD /* UMSocialLocalizable.strings */; settings = {ASSET_TAGS = (); }; };
		04B520211C467E8700F195BD /* libUMSocial_Sdk_4.4.a in Frameworks */ = {isa = PBXBuildFile; fileRef = 04B520101C467E8700F195BD /* libUMSocial_Sdk_4.4.a */; settings = {ASSET_TAGS = (); }; };
		04B520221C467E8700F195BD /* UMSCommentDetailController.xib in Resources */ = {isa = PBXBuildFile; fileRef = 04B520141C467E8700F195BD /* UMSCommentDetailController.xib */; settings = {ASSET_TAGS = (); }; };
		04B520231C467E8700F195BD /* UMSCommentInputController.xib in Resources */ = {isa = PBXBuildFile; fileRef = 04B520151C467E8700F195BD /* UMSCommentInputController.xib */; settings = {ASSET_TAGS = (); }; };
		04B520241C467E8700F195BD /* UMSCommentInputControlleriPad.xib in Resources */ = {isa = PBXBuildFile; fileRef = 04B520161C467E8700F195BD /* UMSCommentInputControlleriPad.xib */; settings = {ASSET_TAGS = (); }; };
		04B520251C467E8700F195BD /* UMShareEditViewController.xib in Resources */ = {isa = PBXBuildFile; fileRef = 04B520171C467E8700F195BD /* UMShareEditViewController.xib */; settings = {ASSET_TAGS = (); }; };
		04B520261C467E8700F195BD /* UMShareEditViewControlleriPad.xib in Resources */ = {isa = PBXBuildFile; fileRef = 04B520181C467E8700F195BD /* UMShareEditViewControlleriPad.xib */; settings = {ASSET_TAGS = (); }; };
		04B520271C467E8700F195BD /* UMSLoginViewController.xib in Resources */ = {isa = PBXBuildFile; fileRef = 04B520191C467E8700F195BD /* UMSLoginViewController.xib */; settings = {ASSET_TAGS = (); }; };
		04B520281C467E8700F195BD /* UMSnsAccountViewController.xib in Resources */ = {isa = PBXBuildFile; fileRef = 04B5201A1C467E8700F195BD /* UMSnsAccountViewController.xib */; settings = {ASSET_TAGS = (); }; };
		04B520291C467E8700F195BD /* UMSShareListController.xib in Resources */ = {isa = PBXBuildFile; fileRef = 04B5201B1C467E8700F195BD /* UMSShareListController.xib */; settings = {ASSET_TAGS = (); }; };
		04B5202A1C467E8700F195BD /* UMSocialSDKResourcesNew.bundle in Resources */ = {isa = PBXBuildFile; fileRef = 04B5201D1C467E8700F195BD /* UMSocialSDKResourcesNew.bundle */; settings = {ASSET_TAGS = (); }; };
		04B5202C1C46812600F195BD /* icon.gif in Resources */ = {isa = PBXBuildFile; fileRef = 04B5202B1C46812500F195BD /* icon.gif */; settings = {ASSET_TAGS = (); }; };
/* End PBXBuildFile section */

/* Begin PBXContainerItemProxy section */
		04B51F951C46723300F195BD /* PBXContainerItemProxy */ = {
			isa = PBXContainerItemProxy;
			containerPortal = 04B51F731C46723300F195BD /* Project object */;
			proxyType = 1;
			remoteGlobalIDString = 04B51F7A1C46723300F195BD;
			remoteInfo = YouMeng;
		};
		04B51FA01C46723300F195BD /* PBXContainerItemProxy */ = {
			isa = PBXContainerItemProxy;
			containerPortal = 04B51F731C46723300F195BD /* Project object */;
			proxyType = 1;
			remoteGlobalIDString = 04B51F7A1C46723300F195BD;
			remoteInfo = YouMeng;
		};
/* End PBXContainerItemProxy section */

/* Begin PBXFileReference section */
		04B51F7B1C46723300F195BD /* YouMeng.app */ = {isa = PBXFileReference; explicitFileType = wrapper.application; includeInIndex = 0; path = YouMeng.app; sourceTree = BUILT_PRODUCTS_DIR; };
		04B51F7F1C46723300F195BD /* main.m */ = {isa = PBXFileReference; lastKnownFileType = sourcecode.c.objc; path = main.m; sourceTree = "<group>"; };
		04B51F811C46723300F195BD /* AppDelegate.h */ = {isa = PBXFileReference; lastKnownFileType = sourcecode.c.h; path = AppDelegate.h; sourceTree = "<group>"; };
		04B51F821C46723300F195BD /* AppDelegate.m */ = {isa = PBXFileReference; lastKnownFileType = sourcecode.c.objc; path = AppDelegate.m; sourceTree = "<group>"; };
		04B51F841C46723300F195BD /* ViewController.h */ = {isa = PBXFileReference; lastKnownFileType = sourcecode.c.h; path = ViewController.h; sourceTree = "<group>"; };
		04B51F851C46723300F195BD /* ViewController.m */ = {isa = PBXFileReference; lastKnownFileType = sourcecode.c.objc; path = ViewController.m; sourceTree = "<group>"; };
		04B51F881C46723300F195BD /* Base */ = {isa = PBXFileReference; lastKnownFileType = file.storyboard; name = Base; path = Base.lproj/Main.storyboard; sourceTree = "<group>"; };
		04B51F8A1C46723300F195BD /* Assets.xcassets */ = {isa = PBXFileReference; lastKnownFileType = folder.assetcatalog; path = Assets.xcassets; sourceTree = "<group>"; };
		04B51F8D1C46723300F195BD /* Base */ = {isa = PBXFileReference; lastKnownFileType = file.storyboard; name = Base; path = Base.lproj/LaunchScreen.storyboard; sourceTree = "<group>"; };
		04B51F8F1C46723300F195BD /* Info.plist */ = {isa = PBXFileReference; lastKnownFileType = text.plist.xml; path = Info.plist; sourceTree = "<group>"; };
		04B51F941C46723300F195BD /* YouMengTests.xctest */ = {isa = PBXFileReference; explicitFileType = wrapper.cfbundle; includeInIndex = 0; path = YouMengTests.xctest; sourceTree = BUILT_PRODUCTS_DIR; };
		04B51F981C46723300F195BD /* YouMengTests.m */ = {isa = PBXFileReference; lastKnownFileType = sourcecode.c.objc; path = YouMengTests.m; sourceTree = "<group>"; };
		04B51F9A1C46723300F195BD /* Info.plist */ = {isa = PBXFileReference; lastKnownFileType = text.plist.xml; path = Info.plist; sourceTree = "<group>"; };
		04B51F9F1C46723300F195BD /* YouMengUITests.xctest */ = {isa = PBXFileReference; explicitFileType = wrapper.cfbundle; includeInIndex = 0; path = YouMengUITests.xctest; sourceTree = BUILT_PRODUCTS_DIR; };
		04B51FA31C46723300F195BD /* YouMengUITests.m */ = {isa = PBXFileReference; lastKnownFileType = sourcecode.c.objc; path = YouMengUITests.m; sourceTree = "<group>"; };
		04B51FA51C46723300F195BD /* Info.plist */ = {isa = PBXFileReference; lastKnownFileType = text.plist.xml; path = Info.plist; sourceTree = "<group>"; };
		04B51FDB1C46762100F195BD /* SystemConfiguration.framework */ = {isa = PBXFileReference; lastKnownFileType = wrapper.framework; name = SystemConfiguration.framework; path = System/Library/Frameworks/SystemConfiguration.framework; sourceTree = SDKROOT; };
		04B51FE41C46798700F195BD /* Security.framework */ = {isa = PBXFileReference; lastKnownFileType = wrapper.framework; name = Security.framework; path = System/Library/Frameworks/Security.framework; sourceTree = SDKROOT; };
		04B51FE61C46799100F195BD /* libiconv.tbd */ = {isa = PBXFileReference; lastKnownFileType = "sourcecode.text-based-dylib-definition"; name = libiconv.tbd; path = usr/lib/libiconv.tbd; sourceTree = SDKROOT; };
		04B51FE81C46799B00F195BD /* CoreGraphics.framework */ = {isa = PBXFileReference; lastKnownFileType = wrapper.framework; name = CoreGraphics.framework; path = System/Library/Frameworks/CoreGraphics.framework; sourceTree = SDKROOT; };
		04B51FEA1C4679A600F195BD /* libsqlite3.tbd */ = {isa = PBXFileReference; lastKnownFileType = "sourcecode.text-based-dylib-definition"; name = libsqlite3.tbd; path = usr/lib/libsqlite3.tbd; sourceTree = SDKROOT; };
		04B51FEC1C4679B800F195BD /* CoreTelephony.framework */ = {isa = PBXFileReference; lastKnownFileType = wrapper.framework; name = CoreTelephony.framework; path = System/Library/Frameworks/CoreTelephony.framework; sourceTree = SDKROOT; };
		04B51FEE1C4679D800F195BD /* libstdc++.tbd */ = {isa = PBXFileReference; lastKnownFileType = "sourcecode.text-based-dylib-definition"; name = "libstdc++.tbd"; path = "usr/lib/libstdc++.tbd"; sourceTree = SDKROOT; };
		04B51FF01C4679E700F195BD /* libz.tbd */ = {isa = PBXFileReference; lastKnownFileType = "sourcecode.text-based-dylib-definition"; name = libz.tbd; path = usr/lib/libz.tbd; sourceTree = SDKROOT; };
		04B520031C467E8700F195BD /* en */ = {isa = PBXFileReference; lastKnownFileType = text.plist.strings; name = en; path = en.lproj/UMSocialLocalizable.strings; sourceTree = "<group>"; };
		04B520051C467E8700F195BD /* UMSocial.h */ = {isa = PBXFileReference; fileEncoding = 4; lastKnownFileType = sourcecode.c.h; path = UMSocial.h; sourceTree = "<group>"; };
		04B520061C467E8700F195BD /* UMSocialAccountManager.h */ = {isa = PBXFileReference; fileEncoding = 4; lastKnownFileType = sourcecode.c.h; path = UMSocialAccountManager.h; sourceTree = "<group>"; };
		04B520071C467E8700F195BD /* UMSocialBar.h */ = {isa = PBXFileReference; fileEncoding = 4; lastKnownFileType = sourcecode.c.h; path = UMSocialBar.h; sourceTree = "<group>"; };
		04B520081C467E8700F195BD /* UMSocialConfig.h */ = {isa = PBXFileReference; fileEncoding = 4; lastKnownFileType = sourcecode.c.h; path = UMSocialConfig.h; sourceTree = "<group>"; };
		04B520091C467E8700F195BD /* UMSocialControllerService.h */ = {isa = PBXFileReference; fileEncoding = 4; lastKnownFileType = sourcecode.c.h; path = UMSocialControllerService.h; sourceTree = "<group>"; };
		04B5200A1C467E8700F195BD /* UMSocialControllerServiceComment.h */ = {isa = PBXFileReference; fileEncoding = 4; lastKnownFileType = sourcecode.c.h; path = UMSocialControllerServiceComment.h; sourceTree = "<group>"; };
		04B5200B1C467E8700F195BD /* UMSocialData.h */ = {isa = PBXFileReference; fileEncoding = 4; lastKnownFileType = sourcecode.c.h; path = UMSocialData.h; sourceTree = "<group>"; };
		04B5200C1C467E8700F195BD /* UMSocialDataService.h */ = {isa = PBXFileReference; fileEncoding = 4; lastKnownFileType = sourcecode.c.h; path = UMSocialDataService.h; sourceTree = "<group>"; };
		04B5200D1C467E8700F195BD /* UMSocialSnsData.h */ = {isa = PBXFileReference; fileEncoding = 4; lastKnownFileType = sourcecode.c.h; path = UMSocialSnsData.h; sourceTree = "<group>"; };
		04B5200E1C467E8700F195BD /* UMSocialSnsPlatformManager.h */ = {isa = PBXFileReference; fileEncoding = 4; lastKnownFileType = sourcecode.c.h; path = UMSocialSnsPlatformManager.h; sourceTree = "<group>"; };
		04B5200F1C467E8700F195BD /* UMSocialSnsService.h */ = {isa = PBXFileReference; fileEncoding = 4; lastKnownFileType = sourcecode.c.h; path = UMSocialSnsService.h; sourceTree = "<group>"; };
		04B520101C467E8700F195BD /* libUMSocial_Sdk_4.4.a */ = {isa = PBXFileReference; lastKnownFileType = archive.ar; path = libUMSocial_Sdk_4.4.a; sourceTree = "<group>"; };
		04B520141C467E8700F195BD /* UMSCommentDetailController.xib */ = {isa = PBXFileReference; fileEncoding = 4; lastKnownFileType = file.xib; path = UMSCommentDetailController.xib; sourceTree = "<group>"; };
		04B520151C467E8700F195BD /* UMSCommentInputController.xib */ = {isa = PBXFileReference; fileEncoding = 4; lastKnownFileType = file.xib; path = UMSCommentInputController.xib; sourceTree = "<group>"; };
		04B520161C467E8700F195BD /* UMSCommentInputControlleriPad.xib */ = {isa = PBXFileReference; fileEncoding = 4; lastKnownFileType = file.xib; path = UMSCommentInputControlleriPad.xib; sourceTree = "<group>"; };
		04B520171C467E8700F195BD /* UMShareEditViewController.xib */ = {isa = PBXFileReference; fileEncoding = 4; lastKnownFileType = file.xib; path = UMShareEditViewController.xib; sourceTree = "<group>"; };
		04B520181C467E8700F195BD /* UMShareEditViewControlleriPad.xib */ = {isa = PBXFileReference; fileEncoding = 4; lastKnownFileType = file.xib; path = UMShareEditViewControlleriPad.xib; sourceTree = "<group>"; };
		04B520191C467E8700F195BD /* UMSLoginViewController.xib */ = {isa = PBXFileReference; fileEncoding = 4; lastKnownFileType = file.xib; path = UMSLoginViewController.xib; sourceTree = "<group>"; };
		04B5201A1C467E8700F195BD /* UMSnsAccountViewController.xib */ = {isa = PBXFileReference; fileEncoding = 4; lastKnownFileType = file.xib; path = UMSnsAccountViewController.xib; sourceTree = "<group>"; };
		04B5201B1C467E8700F195BD /* UMSShareListController.xib */ = {isa = PBXFileReference; fileEncoding = 4; lastKnownFileType = file.xib; path = UMSShareListController.xib; sourceTree = "<group>"; };
		04B5201D1C467E8700F195BD /* UMSocialSDKResourcesNew.bundle */ = {isa = PBXFileReference; lastKnownFileType = "wrapper.plug-in"; path = UMSocialSDKResourcesNew.bundle; sourceTree = "<group>"; };
		04B5201F1C467E8700F195BD /* zh-Hans */ = {isa = PBXFileReference; lastKnownFileType = text.plist.strings; name = "zh-Hans"; path = "zh-Hans.lproj/UMSocialLocalizable.strings"; sourceTree = "<group>"; };
		04B5202B1C46812500F195BD /* icon.gif */ = {isa = PBXFileReference; lastKnownFileType = image.gif; path = icon.gif; sourceTree = "<group>"; };
/* End PBXFileReference section */

/* Begin PBXFrameworksBuildPhase section */
		04B51F781C46723300F195BD /* Frameworks */ = {
			isa = PBXFrameworksBuildPhase;
			buildActionMask = 2147483647;
			files = (
				04B520211C467E8700F195BD /* libUMSocial_Sdk_4.4.a in Frameworks */,
				04B51FF11C4679E700F195BD /* libz.tbd in Frameworks */,
				04B51FEF1C4679D800F195BD /* libstdc++.tbd in Frameworks */,
				04B51FED1C4679B800F195BD /* CoreTelephony.framework in Frameworks */,
				04B51FEB1C4679A600F195BD /* libsqlite3.tbd in Frameworks */,
				04B51FE91C46799B00F195BD /* CoreGraphics.framework in Frameworks */,
				04B51FE71C46799100F195BD /* libiconv.tbd in Frameworks */,
				04B51FE51C46798700F195BD /* Security.framework in Frameworks */,
				04B51FDC1C46762100F195BD /* SystemConfiguration.framework in Frameworks */,
			);
			runOnlyForDeploymentPostprocessing = 0;
		};
		04B51F911C46723300F195BD /* Frameworks */ = {
			isa = PBXFrameworksBuildPhase;
			buildActionMask = 2147483647;
			files = (
			);
			runOnlyForDeploymentPostprocessing = 0;
		};
		04B51F9C1C46723300F195BD /* Frameworks */ = {
			isa = PBXFrameworksBuildPhase;
			buildActionMask = 2147483647;
			files = (
			);
			runOnlyForDeploymentPostprocessing = 0;
		};
/* End PBXFrameworksBuildPhase section */

/* Begin PBXGroup section */
		04B51F721C46723300F195BD = {
			isa = PBXGroup;
			children = (
				04B51FF21C4679F300F195BD /* 友盟包 */,
				04B51F7D1C46723300F195BD /* YouMeng */,
				04B51F971C46723300F195BD /* YouMengTests */,
				04B51FA21C46723300F195BD /* YouMengUITests */,
				04B51F7C1C46723300F195BD /* Products */,
			);
			sourceTree = "<group>";
		};
		04B51F7C1C46723300F195BD /* Products */ = {
			isa = PBXGroup;
			children = (
				04B51F7B1C46723300F195BD /* YouMeng.app */,
				04B51F941C46723300F195BD /* YouMengTests.xctest */,
				04B51F9F1C46723300F195BD /* YouMengUITests.xctest */,
			);
			name = Products;
			sourceTree = "<group>";
		};
		04B51F7D1C46723300F195BD /* YouMeng */ = {
			isa = PBXGroup;
			children = (
				04B520011C467E8700F195BD /* UMSocial_Sdk_4.4 */,
				04B51F811C46723300F195BD /* AppDelegate.h */,
				04B51F821C46723300F195BD /* AppDelegate.m */,
				04B5202B1C46812500F195BD /* icon.gif */,
				04B51F841C46723300F195BD /* ViewController.h */,
				04B51F851C46723300F195BD /* ViewController.m */,
				04B51F871C46723300F195BD /* Main.storyboard */,
				04B51F8A1C46723300F195BD /* Assets.xcassets */,
				04B51F8C1C46723300F195BD /* LaunchScreen.storyboard */,
				04B51F8F1C46723300F195BD /* Info.plist */,
				04B51F7E1C46723300F195BD /* Supporting Files */,
			);
			path = YouMeng;
			sourceTree = "<group>";
		};
		04B51F7E1C46723300F195BD /* Supporting Files */ = {
			isa = PBXGroup;
			children = (
				04B51F7F1C46723300F195BD /* main.m */,
			);
			name = "Supporting Files";
			sourceTree = "<group>";
		};
		04B51F971C46723300F195BD /* YouMengTests */ = {
			isa = PBXGroup;
			children = (
				04B51F981C46723300F195BD /* YouMengTests.m */,
				04B51F9A1C46723300F195BD /* Info.plist */,
			);
			path = YouMengTests;
			sourceTree = "<group>";
		};
		04B51FA21C46723300F195BD /* YouMengUITests */ = {
			isa = PBXGroup;
			children = (
				04B51FA31C46723300F195BD /* YouMengUITests.m */,
				04B51FA51C46723300F195BD /* Info.plist */,
			);
			path = YouMengUITests;
			sourceTree = "<group>";
		};
		04B51FF21C4679F300F195BD /* 友盟包 */ = {
			isa = PBXGroup;
			children = (
				04B51FF01C4679E700F195BD /* libz.tbd */,
				04B51FEE1C4679D800F195BD /* libstdc++.tbd */,
				04B51FEC1C4679B800F195BD /* CoreTelephony.framework */,
				04B51FEA1C4679A600F195BD /* libsqlite3.tbd */,
				04B51FE81C46799B00F195BD /* CoreGraphics.framework */,
				04B51FE61C46799100F195BD /* libiconv.tbd */,
				04B51FE41C46798700F195BD /* Security.framework */,
				04B51FDB1C46762100F195BD /* SystemConfiguration.framework */,
			);
			name = "友盟包";
			sourceTree = "<group>";
		};
		04B520011C467E8700F195BD /* UMSocial_Sdk_4.4 */ = {
			isa = PBXGroup;
			children = (
				04B520021C467E8700F195BD /* UMSocialLocalizable.strings */,
				04B520041C467E8700F195BD /* Header */,
				04B520101C467E8700F195BD /* libUMSocial_Sdk_4.4.a */,
				04B520111C467E8700F195BD /* Sina */,
				04B520121C467E8700F195BD /* SinaSSO */,
				04B520131C467E8700F195BD /* SocialSDKXib */,
				04B5201C1C467E8700F195BD /* TencentOpenAPI */,
				04B5201D1C467E8700F195BD /* UMSocialSDKResourcesNew.bundle */,
				04B5201E1C467E8700F195BD /* Wechat */,
			);
			path = UMSocial_Sdk_4.4;
			sourceTree = "<group>";
		};
		04B520041C467E8700F195BD /* Header */ = {
			isa = PBXGroup;
			children = (
				04B520051C467E8700F195BD /* UMSocial.h */,
				04B520061C467E8700F195BD /* UMSocialAccountManager.h */,
				04B520071C467E8700F195BD /* UMSocialBar.h */,
				04B520081C467E8700F195BD /* UMSocialConfig.h */,
				04B520091C467E8700F195BD /* UMSocialControllerService.h */,
				04B5200A1C467E8700F195BD /* UMSocialControllerServiceComment.h */,
				04B5200B1C467E8700F195BD /* UMSocialData.h */,
				04B5200C1C467E8700F195BD /* UMSocialDataService.h */,
				04B5200D1C467E8700F195BD /* UMSocialSnsData.h */,
				04B5200E1C467E8700F195BD /* UMSocialSnsPlatformManager.h */,
				04B5200F1C467E8700F195BD /* UMSocialSnsService.h */,
			);
			path = Header;
			sourceTree = "<group>";
		};
		04B520111C467E8700F195BD /* Sina */ = {
			isa = PBXGroup;
			children = (
			);
			path = Sina;
			sourceTree = "<group>";
		};
		04B520121C467E8700F195BD /* SinaSSO */ = {
			isa = PBXGroup;
			children = (
			);
			path = SinaSSO;
			sourceTree = "<group>";
		};
		04B520131C467E8700F195BD /* SocialSDKXib */ = {
			isa = PBXGroup;
			children = (
				04B520141C467E8700F195BD /* UMSCommentDetailController.xib */,
				04B520151C467E8700F195BD /* UMSCommentInputController.xib */,
				04B520161C467E8700F195BD /* UMSCommentInputControlleriPad.xib */,
				04B520171C467E8700F195BD /* UMShareEditViewController.xib */,
				04B520181C467E8700F195BD /* UMShareEditViewControlleriPad.xib */,
				04B520191C467E8700F195BD /* UMSLoginViewController.xib */,
				04B5201A1C467E8700F195BD /* UMSnsAccountViewController.xib */,
				04B5201B1C467E8700F195BD /* UMSShareListController.xib */,
			);
			path = SocialSDKXib;
			sourceTree = "<group>";
		};
		04B5201C1C467E8700F195BD /* TencentOpenAPI */ = {
			isa = PBXGroup;
			children = (
			);
			path = TencentOpenAPI;
			sourceTree = "<group>";
		};
		04B5201E1C467E8700F195BD /* Wechat */ = {
			isa = PBXGroup;
			children = (
			);
			path = Wechat;
			sourceTree = "<group>";
		};
/* End PBXGroup section */

/* Begin PBXNativeTarget section */
		04B51F7A1C46723300F195BD /* YouMeng */ = {
			isa = PBXNativeTarget;
			buildConfigurationList = 04B51FA81C46723400F195BD /* Build configuration list for PBXNativeTarget "YouMeng" */;
			buildPhases = (
				04B51F771C46723300F195BD /* Sources */,
				04B51F781C46723300F195BD /* Frameworks */,
				04B51F791C46723300F195BD /* Resources */,
			);
			buildRules = (
			);
			dependencies = (
			);
			name = YouMeng;
			productName = YouMeng;
			productReference = 04B51F7B1C46723300F195BD /* YouMeng.app */;
			productType = "com.apple.product-type.application";
		};
		04B51F931C46723300F195BD /* YouMengTests */ = {
			isa = PBXNativeTarget;
			buildConfigurationList = 04B51FAB1C46723400F195BD /* Build configuration list for PBXNativeTarget "YouMengTests" */;
			buildPhases = (
				04B51F901C46723300F195BD /* Sources */,
				04B51F911C46723300F195BD /* Frameworks */,
				04B51F921C46723300F195BD /* Resources */,
			);
			buildRules = (
			);
			dependencies = (
				04B51F961C46723300F195BD /* PBXTargetDependency */,
			);
			name = YouMengTests;
			productName = YouMengTests;
			productReference = 04B51F941C46723300F195BD /* YouMengTests.xctest */;
			productType = "com.apple.product-type.bundle.unit-test";
		};
		04B51F9E1C46723300F195BD /* YouMengUITests */ = {
			isa = PBXNativeTarget;
			buildConfigurationList = 04B51FAE1C46723400F195BD /* Build configuration list for PBXNativeTarget "YouMengUITests" */;
			buildPhases = (
				04B51F9B1C46723300F195BD /* Sources */,
				04B51F9C1C46723300F195BD /* Frameworks */,
				04B51F9D1C46723300F195BD /* Resources */,
			);
			buildRules = (
			);
			dependencies = (
				04B51FA11C46723300F195BD /* PBXTargetDependency */,
			);
			name = YouMengUITests;
			productName = YouMengUITests;
			productReference = 04B51F9F1C46723300F195BD /* YouMengUITests.xctest */;
			productType = "com.apple.product-type.bundle.ui-testing";
		};
/* End PBXNativeTarget section */

/* Begin PBXProject section */
		04B51F731C46723300F195BD /* Project object */ = {
			isa = PBXProject;
			attributes = {
				LastUpgradeCheck = 0700;
				ORGANIZATIONNAME = "卢永强";
				TargetAttributes = {
					04B51F7A1C46723300F195BD = {
						CreatedOnToolsVersion = 7.0.1;
						DevelopmentTeam = EABUS2B87T;
					};
					04B51F931C46723300F195BD = {
						CreatedOnToolsVersion = 7.0.1;
						DevelopmentTeam = EABUS2B87T;
						TestTargetID = 04B51F7A1C46723300F195BD;
					};
					04B51F9E1C46723300F195BD = {
						CreatedOnToolsVersion = 7.0.1;
						DevelopmentTeam = EABUS2B87T;
						TestTargetID = 04B51F7A1C46723300F195BD;
					};
				};
			};
			buildConfigurationList = 04B51F761C46723300F195BD /* Build configuration list for PBXProject "YouMeng" */;
			compatibilityVersion = "Xcode 3.2";
			developmentRegion = English;
			hasScannedForEncodings = 0;
			knownRegions = (
				en,
				Base,
				"zh-Hans",
			);
			mainGroup = 04B51F721C46723300F195BD;
			productRefGroup = 04B51F7C1C46723300F195BD /* Products */;
			projectDirPath = "";
			projectRoot = "";
			targets = (
				04B51F7A1C46723300F195BD /* YouMeng */,
				04B51F931C46723300F195BD /* YouMengTests */,
				04B51F9E1C46723300F195BD /* YouMengUITests */,
			);
		};
/* End PBXProject section */

/* Begin PBXResourcesBuildPhase section */
		04B51F791C46723300F195BD /* Resources */ = {
			isa = PBXResourcesBuildPhase;
			buildActionMask = 2147483647;
			files = (
				04B5202C1C46812600F195BD /* icon.gif in Resources */,
				04B520251C467E8700F195BD /* UMShareEditViewController.xib in Resources */,
				04B520231C467E8700F195BD /* UMSCommentInputController.xib in Resources */,
				04B51F8E1C46723300F195BD /* LaunchScreen.storyboard in Resources */,
				04B520221C467E8700F195BD /* UMSCommentDetailController.xib in Resources */,
				04B520271C467E8700F195BD /* UMSLoginViewController.xib in Resources */,
				04B520241C467E8700F195BD /* UMSCommentInputControlleriPad.xib in Resources */,
				04B520261C467E8700F195BD /* UMShareEditViewControlleriPad.xib in Resources */,
				04B51F8B1C46723300F195BD /* Assets.xcassets in Resources */,
				04B520201C467E8700F195BD /* UMSocialLocalizable.strings in Resources */,
				04B51F891C46723300F195BD /* Main.storyboard in Resources */,
				04B520281C467E8700F195BD /* UMSnsAccountViewController.xib in Resources */,
				04B520291C467E8700F195BD /* UMSShareListController.xib in Resources */,
				04B5202A1C467E8700F195BD /* UMSocialSDKResourcesNew.bundle in Resources */,
			);
			runOnlyForDeploymentPostprocessing = 0;
		};
		04B51F921C46723300F195BD /* Resources */ = {
			isa = PBXResourcesBuildPhase;
			buildActionMask = 2147483647;
			files = (
			);
			runOnlyForDeploymentPostprocessing = 0;
		};
		04B51F9D1C46723300F195BD /* Resources */ = {
			isa = PBXResourcesBuildPhase;
			buildActionMask = 2147483647;
			files = (
			);
			runOnlyForDeploymentPostprocessing = 0;
		};
/* End PBXResourcesBuildPhase section */

/* Begin PBXSourcesBuildPhase section */
		04B51F771C46723300F195BD /* Sources */ = {
			isa = PBXSourcesBuildPhase;
			buildActionMask = 2147483647;
			files = (
				04B51F861C46723300F195BD /* ViewController.m in Sources */,
				04B51F831C46723300F195BD /* AppDelegate.m in Sources */,
				04B51F801C46723300F195BD /* main.m in Sources */,
			);
			runOnlyForDeploymentPostprocessing = 0;
		};
		04B51F901C46723300F195BD /* Sources */ = {
			isa = PBXSourcesBuildPhase;
			buildActionMask = 2147483647;
			files = (
				04B51F991C46723300F195BD /* YouMengTests.m in Sources */,
			);
			runOnlyForDeploymentPostprocessing = 0;
		};
		04B51F9B1C46723300F195BD /* Sources */ = {
			isa = PBXSourcesBuildPhase;
			buildActionMask = 2147483647;
			files = (
				04B51FA41C46723300F195BD /* YouMengUITests.m in Sources */,
			);
			runOnlyForDeploymentPostprocessing = 0;
		};
/* End PBXSourcesBuildPhase section */

/* Begin PBXTargetDependency section */
		04B51F961C46723300F195BD /* PBXTargetDependency */ = {
			isa = PBXTargetDependency;
			target = 04B51F7A1C46723300F195BD /* YouMeng */;
			targetProxy = 04B51F951C46723300F195BD /* PBXContainerItemProxy */;
		};
		04B51FA11C46723300F195BD /* PBXTargetDependency */ = {
			isa = PBXTargetDependency;
			target = 04B51F7A1C46723300F195BD /* YouMeng */;
			targetProxy = 04B51FA01C46723300F195BD /* PBXContainerItemProxy */;
		};
/* End PBXTargetDependency section */

/* Begin PBXVariantGroup section */
		04B51F871C46723300F195BD /* Main.storyboard */ = {
			isa = PBXVariantGroup;
			children = (
				04B51F881C46723300F195BD /* Base */,
			);
			name = Main.storyboard;
			sourceTree = "<group>";
		};
		04B51F8C1C46723300F195BD /* LaunchScreen.storyboard */ = {
			isa = PBXVariantGroup;
			children = (
				04B51F8D1C46723300F195BD /* Base */,
			);
			name = LaunchScreen.storyboard;
			sourceTree = "<group>";
		};
		04B520021C467E8700F195BD /* UMSocialLocalizable.strings */ = {
			isa = PBXVariantGroup;
			children = (
				04B520031C467E8700F195BD /* en */,
				04B5201F1C467E8700F195BD /* zh-Hans */,
			);
			name = UMSocialLocalizable.strings;
			sourceTree = "<group>";
		};
/* End PBXVariantGroup section */

/* Begin XCBuildConfiguration section */
		04B51FA61C46723400F195BD /* Debug */ = {
			isa = XCBuildConfiguration;
			buildSettings = {
				ALWAYS_SEARCH_USER_PATHS = NO;
				CLANG_CXX_LANGUAGE_STANDARD = "gnu++0x";
				CLANG_CXX_LIBRARY = "libc++";
				CLANG_ENABLE_MODULES = YES;
				CLANG_ENABLE_OBJC_ARC = YES;
				CLANG_WARN_BOOL_CONVERSION = YES;
				CLANG_WARN_CONSTANT_CONVERSION = YES;
				CLANG_WARN_DIRECT_OBJC_ISA_USAGE = YES_ERROR;
				CLANG_WARN_EMPTY_BODY = YES;
				CLANG_WARN_ENUM_CONVERSION = YES;
				CLANG_WARN_INT_CONVERSION = YES;
				CLANG_WARN_OBJC_ROOT_CLASS = YES_ERROR;
				CLANG_WARN_UNREACHABLE_CODE = YES;
				CLANG_WARN__DUPLICATE_METHOD_MATCH = YES;
				"CODE_SIGN_IDENTITY[sdk=iphoneos*]" = "iPhone Developer";
				COPY_PHASE_STRIP = NO;
				DEBUG_INFORMATION_FORMAT = dwarf;
				ENABLE_STRICT_OBJC_MSGSEND = YES;
				ENABLE_TESTABILITY = YES;
				GCC_C_LANGUAGE_STANDARD = gnu99;
				GCC_DYNAMIC_NO_PIC = NO;
				GCC_NO_COMMON_BLOCKS = YES;
				GCC_OPTIMIZATION_LEVEL = 0;
				GCC_PREPROCESSOR_DEFINITIONS = (
					"DEBUG=1",
					"$(inherited)",
				);
				GCC_WARN_64_TO_32_BIT_CONVERSION = YES;
				GCC_WARN_ABOUT_RETURN_TYPE = YES_ERROR;
				GCC_WARN_UNDECLARED_SELECTOR = YES;
				GCC_WARN_UNINITIALIZED_AUTOS = YES_AGGRESSIVE;
				GCC_WARN_UNUSED_FUNCTION = YES;
				GCC_WARN_UNUSED_VARIABLE = YES;
				IPHONEOS_DEPLOYMENT_TARGET = 9.0;
				MTL_ENABLE_DEBUG_INFO = YES;
				ONLY_ACTIVE_ARCH = YES;
				SDKROOT = iphoneos;
				TARGETED_DEVICE_FAMILY = "1,2";
			};
			name = Debug;
		};
		04B51FA71C46723400F195BD /* Release */ = {
			isa = XCBuildConfiguration;
			buildSettings = {
				ALWAYS_SEARCH_USER_PATHS = NO;
				CLANG_CXX_LANGUAGE_STANDARD = "gnu++0x";
				CLANG_CXX_LIBRARY = "libc++";
				CLANG_ENABLE_MODULES = YES;
				CLANG_ENABLE_OBJC_ARC = YES;
				CLANG_WARN_BOOL_CONVERSION = YES;
				CLANG_WARN_CONSTANT_CONVERSION = YES;
				CLANG_WARN_DIRECT_OBJC_ISA_USAGE = YES_ERROR;
				CLANG_WARN_EMPTY_BODY = YES;
				CLANG_WARN_ENUM_CONVERSION = YES;
				CLANG_WARN_INT_CONVERSION = YES;
				CLANG_WARN_OBJC_ROOT_CLASS = YES_ERROR;
				CLANG_WARN_UNREACHABLE_CODE = YES;
				CLANG_WARN__DUPLICATE_METHOD_MATCH = YES;
				"CODE_SIGN_IDENTITY[sdk=iphoneos*]" = "iPhone Developer";
				COPY_PHASE_STRIP = NO;
				DEBUG_INFORMATION_FORMAT = "dwarf-with-dsym";
				ENABLE_NS_ASSERTIONS = NO;
				ENABLE_STRICT_OBJC_MSGSEND = YES;
				GCC_C_LANGUAGE_STANDARD = gnu99;
				GCC_NO_COMMON_BLOCKS = YES;
				GCC_WARN_64_TO_32_BIT_CONVERSION = YES;
				GCC_WARN_ABOUT_RETURN_TYPE = YES_ERROR;
				GCC_WARN_UNDECLARED_SELECTOR = YES;
				GCC_WARN_UNINITIALIZED_AUTOS = YES_AGGRESSIVE;
				GCC_WARN_UNUSED_FUNCTION = YES;
				GCC_WARN_UNUSED_VARIABLE = YES;
				IPHONEOS_DEPLOYMENT_TARGET = 9.0;
				MTL_ENABLE_DEBUG_INFO = NO;
				SDKROOT = iphoneos;
				TARGETED_DEVICE_FAMILY = "1,2";
				VALIDATE_PRODUCT = YES;
			};
			name = Release;
		};
		04B51FA91C46723400F195BD /* Debug */ = {
			isa = XCBuildConfiguration;
			buildSettings = {
				ASSETCATALOG_COMPILER_APPICON_NAME = AppIcon;
				INFOPLIST_FILE = YouMeng/Info.plist;
				LD_RUNPATH_SEARCH_PATHS = "$(inherited) @executable_path/Frameworks";
				LIBRARY_SEARCH_PATHS = (
					"$(inherited)",
					"$(PROJECT_DIR)/YouMeng/UMSocial_Sdk_4.4",
				);
				PRODUCT_BUNDLE_IDENTIFIER = com.lyq.YouMeng;
				PRODUCT_NAME = "$(TARGET_NAME)";
			};
			name = Debug;
		};
		04B51FAA1C46723400F195BD /* Release */ = {
			isa = XCBuildConfiguration;
			buildSettings = {
				ASSETCATALOG_COMPILER_APPICON_NAME = AppIcon;
				INFOPLIST_FILE = YouMeng/Info.plist;
				LD_RUNPATH_SEARCH_PATHS = "$(inherited) @executable_path/Frameworks";
				LIBRARY_SEARCH_PATHS = (
					"$(inherited)",
					"$(PROJECT_DIR)/YouMeng/UMSocial_Sdk_4.4",
				);
				PRODUCT_BUNDLE_IDENTIFIER = com.lyq.YouMeng;
				PRODUCT_NAME = "$(TARGET_NAME)";
			};
			name = Release;
		};
		04B51FAC1C46723400F195BD /* Debug */ = {
			isa = XCBuildConfiguration;
			buildSettings = {
				BUNDLE_LOADER = "$(TEST_HOST)";
				INFOPLIST_FILE = YouMengTests/Info.plist;
				LD_RUNPATH_SEARCH_PATHS = "$(inherited) @executable_path/Frameworks @loader_path/Frameworks";
				PRODUCT_BUNDLE_IDENTIFIER = com.lyq.YouMengTests;
				PRODUCT_NAME = "$(TARGET_NAME)";
				TEST_HOST = "$(BUILT_PRODUCTS_DIR)/YouMeng.app/YouMeng";
			};
			name = Debug;
		};
		04B51FAD1C46723400F195BD /* Release */ = {
			isa = XCBuildConfiguration;
			buildSettings = {
				BUNDLE_LOADER = "$(TEST_HOST)";
				INFOPLIST_FILE = YouMengTests/Info.plist;
				LD_RUNPATH_SEARCH_PATHS = "$(inherited) @executable_path/Frameworks @loader_path/Frameworks";
				PRODUCT_BUNDLE_IDENTIFIER = com.lyq.YouMengTests;
				PRODUCT_NAME = "$(TARGET_NAME)";
				TEST_HOST = "$(BUILT_PRODUCTS_DIR)/YouMeng.app/YouMeng";
			};
			name = Release;
		};
		04B51FAF1C46723400F195BD /* Debug */ = {
			isa = XCBuildConfiguration;
			buildSettings = {
				INFOPLIST_FILE = YouMengUITests/Info.plist;
				LD_RUNPATH_SEARCH_PATHS = "$(inherited) @executable_path/Frameworks @loader_path/Frameworks";
				PRODUCT_BUNDLE_IDENTIFIER = com.lyq.YouMengUITests;
				PRODUCT_NAME = "$(TARGET_NAME)";
				TEST_TARGET_NAME = YouMeng;
				USES_XCTRUNNER = YES;
			};
			name = Debug;
		};
		04B51FB01C46723400F195BD /* Release */ = {
			isa = XCBuildConfiguration;
			buildSettings = {
				INFOPLIST_FILE = YouMengUITests/Info.plist;
				LD_RUNPATH_SEARCH_PATHS = "$(inherited) @executable_path/Frameworks @loader_path/Frameworks";
				PRODUCT_BUNDLE_IDENTIFIER = com.lyq.YouMengUITests;
				PRODUCT_NAME = "$(TARGET_NAME)";
				TEST_TARGET_NAME = YouMeng;
				USES_XCTRUNNER = YES;
			};
			name = Release;
		};
/* End XCBuildConfiguration section */

/* Begin XCConfigurationList section */
		04B51F761C46723300F195BD /* Build configuration list for PBXProject "YouMeng" */ = {
			isa = XCConfigurationList;
			buildConfigurations = (
				04B51FA61C46723400F195BD /* Debug */,
				04B51FA71C46723400F195BD /* Release */,
			);
			defaultConfigurationIsVisible = 0;
			defaultConfigurationName = Release;
		};
		04B51FA81C46723400F195BD /* Build configuration list for PBXNativeTarget "YouMeng" */ = {
			isa = XCConfigurationList;
			buildConfigurations = (
				04B51FA91C46723400F195BD /* Debug */,
				04B51FAA1C46723400F195BD /* Release */,
			);
			defaultConfigurationIsVisible = 0;
		};
		04B51FAB1C46723400F195BD /* Build configuration list for PBXNativeTarget "YouMengTests" */ = {
			isa = XCConfigurationList;
			buildConfigurations = (
				04B51FAC1C46723400F195BD /* Debug */,
				04B51FAD1C46723400F195BD /* Release */,
			);
			defaultConfigurationIsVisible = 0;
		};
		04B51FAE1C46723400F195BD /* Build configuration list for PBXNativeTarget "YouMengUITests" */ = {
			isa = XCConfigurationList;
			buildConfigurations = (
				04B51FAF1C46723400F195BD /* Debug */,
				04B51FB01C46723400F195BD /* Release */,
			);
			defaultConfigurationIsVisible = 0;
		};
/* End XCConfigurationList section */
	};
	rootObject = 04B51F731C46723300F195BD /* Project object */;
}
